// !$*UTF8*$!
{
	archiveVersion = 1;
	classes = {
	};
	objectVersion = 52;
	objects = {

/* Begin PBXBuildFile section */
		C84E893C25A2EFA0001CD0C8 /* CategoryDetailsViewModel.swift in Sources */ = {isa = PBXBuildFile; fileRef = C84E893B25A2EFA0001CD0C8 /* CategoryDetailsViewModel.swift */; };
		C84E894025A2EFFB001CD0C8 /* CategoryDetailsView.swift in Sources */ = {isa = PBXBuildFile; fileRef = C84E893F25A2EFFB001CD0C8 /* CategoryDetailsView.swift */; };
		C88B1B4B25A2DF540043AD9B /* TileModifier.swift in Sources */ = {isa = PBXBuildFile; fileRef = C88B1B4A25A2DF540043AD9B /* TileModifier.swift */; };
		C88B1B4F25A2E0740043AD9B /* Color+.swift in Sources */ = {isa = PBXBuildFile; fileRef = C88B1B4E25A2E0740043AD9B /* Color+.swift */; };
		C88B1B5225A2E1130043AD9B /* View+.swift in Sources */ = {isa = PBXBuildFile; fileRef = C88B1B5125A2E1130043AD9B /* View+.swift */; };
		C8B0950625A2BED100352FF4 /* Destination.swift in Sources */ = {isa = PBXBuildFile; fileRef = C8B0950525A2BED100352FF4 /* Destination.swift */; };
		C8B0950A25A2BEF800352FF4 /* Restaurant.swift in Sources */ = {isa = PBXBuildFile; fileRef = C8B0950925A2BEF800352FF4 /* Restaurant.swift */; };
		C8B0950D25A2BF1600352FF4 /* User.swift in Sources */ = {isa = PBXBuildFile; fileRef = C8B0950C25A2BF1600352FF4 /* User.swift */; };
		C8B0951025A2BF2C00352FF4 /* Category.swift in Sources */ = {isa = PBXBuildFile; fileRef = C8B0950F25A2BF2C00352FF4 /* Category.swift */; };
		C8FA6B9C25A0877900C6B293 /* DiscoverApp.swift in Sources */ = {isa = PBXBuildFile; fileRef = C8FA6B9B25A0877900C6B293 /* DiscoverApp.swift */; };
		C8FA6B9E25A0877900C6B293 /* DiscoverView.swift in Sources */ = {isa = PBXBuildFile; fileRef = C8FA6B9D25A0877900C6B293 /* DiscoverView.swift */; };
		C8FA6BA025A0877E00C6B293 /* Assets.xcassets in Resources */ = {isa = PBXBuildFile; fileRef = C8FA6B9F25A0877E00C6B293 /* Assets.xcassets */; };
		C8FA6BA325A0877E00C6B293 /* Preview Assets.xcassets in Resources */ = {isa = PBXBuildFile; fileRef = C8FA6BA225A0877E00C6B293 /* Preview Assets.xcassets */; };
		C8FA6BAE25A0F95C00C6B293 /* DiscoverCategoriesView.swift in Sources */ = {isa = PBXBuildFile; fileRef = C8FA6BAD25A0F95C00C6B293 /* DiscoverCategoriesView.swift */; };
		C8FA6BB125A0F9BD00C6B293 /* PopularDestinationsView.swift in Sources */ = {isa = PBXBuildFile; fileRef = C8FA6BB025A0F9BD00C6B293 /* PopularDestinationsView.swift */; };
		C8FA6BB525A1630300C6B293 /* PopularRestaurantsView.swift in Sources */ = {isa = PBXBuildFile; fileRef = C8FA6BB425A1630300C6B293 /* PopularRestaurantsView.swift */; };
		C8FA6BBA25A2A2A900C6B293 /* TrendingCreatorsView.swift in Sources */ = {isa = PBXBuildFile; fileRef = C8FA6BB925A2A2A900C6B293 /* TrendingCreatorsView.swift */; };
		C8FDC68225A412D2008CAD62 /* ActivityIndicatorView.swift in Sources */ = {isa = PBXBuildFile; fileRef = C8FDC68125A412D2008CAD62 /* ActivityIndicatorView.swift */; };
		C8FDC68A25A41B1F008CAD62 /* Place.swift in Sources */ = {isa = PBXBuildFile; fileRef = C8FDC68925A41B1F008CAD62 /* Place.swift */; };
		C8FDC69025A4565B008CAD62 /* Kingfisher in Frameworks */ = {isa = PBXBuildFile; productRef = C8FDC68F25A4565B008CAD62 /* Kingfisher */; };
/* End PBXBuildFile section */

/* Begin PBXFileReference section */
		C84E893B25A2EFA0001CD0C8 /* CategoryDetailsViewModel.swift */ = {isa = PBXFileReference; lastKnownFileType = sourcecode.swift; path = CategoryDetailsViewModel.swift; sourceTree = "<group>"; };
		C84E893F25A2EFFB001CD0C8 /* CategoryDetailsView.swift */ = {isa = PBXFileReference; lastKnownFileType = sourcecode.swift; path = CategoryDetailsView.swift; sourceTree = "<group>"; };
		C88B1B4A25A2DF540043AD9B /* TileModifier.swift */ = {isa = PBXFileReference; lastKnownFileType = sourcecode.swift; path = TileModifier.swift; sourceTree = "<group>"; };
		C88B1B4E25A2E0740043AD9B /* Color+.swift */ = {isa = PBXFileReference; lastKnownFileType = sourcecode.swift; path = "Color+.swift"; sourceTree = "<group>"; };
		C88B1B5125A2E1130043AD9B /* View+.swift */ = {isa = PBXFileReference; lastKnownFileType = sourcecode.swift; path = "View+.swift"; sourceTree = "<group>"; };
		C8B0950525A2BED100352FF4 /* Destination.swift */ = {isa = PBXFileReference; lastKnownFileType = sourcecode.swift; path = Destination.swift; sourceTree = "<group>"; };
		C8B0950925A2BEF800352FF4 /* Restaurant.swift */ = {isa = PBXFileReference; lastKnownFileType = sourcecode.swift; path = Restaurant.swift; sourceTree = "<group>"; };
		C8B0950C25A2BF1600352FF4 /* User.swift */ = {isa = PBXFileReference; lastKnownFileType = sourcecode.swift; path = User.swift; sourceTree = "<group>"; };
		C8B0950F25A2BF2C00352FF4 /* Category.swift */ = {isa = PBXFileReference; lastKnownFileType = sourcecode.swift; path = Category.swift; sourceTree = "<group>"; };
		C8FA6B9825A0877900C6B293 /* Discover.app */ = {isa = PBXFileReference; explicitFileType = wrapper.application; includeInIndex = 0; path = Discover.app; sourceTree = BUILT_PRODUCTS_DIR; };
		C8FA6B9B25A0877900C6B293 /* DiscoverApp.swift */ = {isa = PBXFileReference; lastKnownFileType = sourcecode.swift; path = DiscoverApp.swift; sourceTree = "<group>"; };
		C8FA6B9D25A0877900C6B293 /* DiscoverView.swift */ = {isa = PBXFileReference; lastKnownFileType = sourcecode.swift; path = DiscoverView.swift; sourceTree = "<group>"; };
		C8FA6B9F25A0877E00C6B293 /* Assets.xcassets */ = {isa = PBXFileReference; lastKnownFileType = folder.assetcatalog; path = Assets.xcassets; sourceTree = "<group>"; };
		C8FA6BA225A0877E00C6B293 /* Preview Assets.xcassets */ = {isa = PBXFileReference; lastKnownFileType = folder.assetcatalog; path = "Preview Assets.xcassets"; sourceTree = "<group>"; };
		C8FA6BA425A0877E00C6B293 /* Info.plist */ = {isa = PBXFileReference; lastKnownFileType = text.plist.xml; path = Info.plist; sourceTree = "<group>"; };
		C8FA6BAD25A0F95C00C6B293 /* DiscoverCategoriesView.swift */ = {isa = PBXFileReference; lastKnownFileType = sourcecode.swift; path = DiscoverCategoriesView.swift; sourceTree = "<group>"; };
		C8FA6BB025A0F9BD00C6B293 /* PopularDestinationsView.swift */ = {isa = PBXFileReference; lastKnownFileType = sourcecode.swift; path = PopularDestinationsView.swift; sourceTree = "<group>"; };
		C8FA6BB425A1630300C6B293 /* PopularRestaurantsView.swift */ = {isa = PBXFileReference; lastKnownFileType = sourcecode.swift; path = PopularRestaurantsView.swift; sourceTree = "<group>"; };
		C8FA6BB925A2A2A900C6B293 /* TrendingCreatorsView.swift */ = {isa = PBXFileReference; lastKnownFileType = sourcecode.swift; path = TrendingCreatorsView.swift; sourceTree = "<group>"; };
		C8FDC68125A412D2008CAD62 /* ActivityIndicatorView.swift */ = {isa = PBXFileReference; lastKnownFileType = sourcecode.swift; path = ActivityIndicatorView.swift; sourceTree = "<group>"; };
		C8FDC68925A41B1F008CAD62 /* Place.swift */ = {isa = PBXFileReference; lastKnownFileType = sourcecode.swift; path = Place.swift; sourceTree = "<group>"; };
/* End PBXFileReference section */

/* Begin PBXFrameworksBuildPhase section */
		C8FA6B9525A0877900C6B293 /* Frameworks */ = {
			isa = PBXFrameworksBuildPhase;
			buildActionMask = 2147483647;
			files = (
				C8FDC69025A4565B008CAD62 /* Kingfisher in Frameworks */,
			);
			runOnlyForDeploymentPostprocessing = 0;
		};
/* End PBXFrameworksBuildPhase section */

/* Begin PBXGroup section */
		C84E893A25A2EF8A001CD0C8 /* View Models */ = {
			isa = PBXGroup;
			children = (
				C84E893B25A2EFA0001CD0C8 /* CategoryDetailsViewModel.swift */,
			);
			path = "View Models";
			sourceTree = "<group>";
		};
		C88B1B4925A2DF3D0043AD9B /* Utilities */ = {
			isa = PBXGroup;
			children = (
				C8FDC68125A412D2008CAD62 /* ActivityIndicatorView.swift */,
				C88B1B4A25A2DF540043AD9B /* TileModifier.swift */,
			);
			path = Utilities;
			sourceTree = "<group>";
		};
		C88B1B5425A2E1430043AD9B /* Extensions */ = {
			isa = PBXGroup;
			children = (
				C88B1B5125A2E1130043AD9B /* View+.swift */,
				C88B1B4E25A2E0740043AD9B /* Color+.swift */,
			);
			path = Extensions;
			sourceTree = "<group>";
		};
		C8B094FF25A2BB5A00352FF4 /* Discover */ = {
			isa = PBXGroup;
			children = (
				C8FA6B9D25A0877900C6B293 /* DiscoverView.swift */,
				C84E893F25A2EFFB001CD0C8 /* CategoryDetailsView.swift */,
				C8FA6BAD25A0F95C00C6B293 /* DiscoverCategoriesView.swift */,
				C8FA6BB025A0F9BD00C6B293 /* PopularDestinationsView.swift */,
				C8FA6BB425A1630300C6B293 /* PopularRestaurantsView.swift */,
				C8FA6BB925A2A2A900C6B293 /* TrendingCreatorsView.swift */,
			);
			path = Discover;
			sourceTree = "<group>";
		};
		C8B0950425A2BEC100352FF4 /* Models */ = {
			isa = PBXGroup;
			children = (
				C8B0950F25A2BF2C00352FF4 /* Category.swift */,
				C8B0950525A2BED100352FF4 /* Destination.swift */,
				C8B0950925A2BEF800352FF4 /* Restaurant.swift */,
				C8B0950C25A2BF1600352FF4 /* User.swift */,
				C8FDC68925A41B1F008CAD62 /* Place.swift */,
			);
			path = Models;
			sourceTree = "<group>";
		};
		C8FA6B8F25A0877900C6B293 = {
			isa = PBXGroup;
			children = (
				C8FA6B9A25A0877900C6B293 /* Discover */,
				C8FA6B9925A0877900C6B293 /* Products */,
			);
			sourceTree = "<group>";
		};
		C8FA6B9925A0877900C6B293 /* Products */ = {
			isa = PBXGroup;
			children = (
				C8FA6B9825A0877900C6B293 /* Discover.app */,
			);
			name = Products;
			sourceTree = "<group>";
		};
		C8FA6B9A25A0877900C6B293 /* Discover */ = {
			isa = PBXGroup;
			children = (
				C8FA6B9B25A0877900C6B293 /* DiscoverApp.swift */,
				C8B094FF25A2BB5A00352FF4 /* Discover */,
				C84E893A25A2EF8A001CD0C8 /* View Models */,
				C8B0950425A2BEC100352FF4 /* Models */,
				C88B1B5425A2E1430043AD9B /* Extensions */,
				C88B1B4925A2DF3D0043AD9B /* Utilities */,
				C8FA6B9F25A0877E00C6B293 /* Assets.xcassets */,
				C8FA6BA425A0877E00C6B293 /* Info.plist */,
				C8FA6BA125A0877E00C6B293 /* Preview Content */,
			);
			path = Discover;
			sourceTree = "<group>";
		};
		C8FA6BA125A0877E00C6B293 /* Preview Content */ = {
			isa = PBXGroup;
			children = (
				C8FA6BA225A0877E00C6B293 /* Preview Assets.xcassets */,
			);
			path = "Preview Content";
			sourceTree = "<group>";
		};
/* End PBXGroup section */

/* Begin PBXNativeTarget section */
		C8FA6B9725A0877900C6B293 /* Discover */ = {
			isa = PBXNativeTarget;
			buildConfigurationList = C8FA6BA725A0877E00C6B293 /* Build configuration list for PBXNativeTarget "Discover" */;
			buildPhases = (
				C8FA6B9425A0877900C6B293 /* Sources */,
				C8FA6B9525A0877900C6B293 /* Frameworks */,
				C8FA6B9625A0877900C6B293 /* Resources */,
			);
			buildRules = (
			);
			dependencies = (
			);
			name = Discover;
			packageProductDependencies = (
				C8FDC68F25A4565B008CAD62 /* Kingfisher */,
			);
			productName = Discover;
			productReference = C8FA6B9825A0877900C6B293 /* Discover.app */;
			productType = "com.apple.product-type.application";
		};
/* End PBXNativeTarget section */

/* Begin PBXProject section */
		C8FA6B9025A0877900C6B293 /* Project object */ = {
			isa = PBXProject;
			attributes = {
				LastSwiftUpdateCheck = 1220;
				LastUpgradeCheck = 1220;
				TargetAttributes = {
					C8FA6B9725A0877900C6B293 = {
						CreatedOnToolsVersion = 12.2;
					};
				};
			};
			buildConfigurationList = C8FA6B9325A0877900C6B293 /* Build configuration list for PBXProject "Discover" */;
			compatibilityVersion = "Xcode 9.3";
			developmentRegion = en;
			hasScannedForEncodings = 0;
			knownRegions = (
				en,
				Base,
			);
			mainGroup = C8FA6B8F25A0877900C6B293;
			packageReferences = (
				C8FDC68E25A4565B008CAD62 /* XCRemoteSwiftPackageReference "Kingfisher" */,
			);
			productRefGroup = C8FA6B9925A0877900C6B293 /* Products */;
			projectDirPath = "";
			projectRoot = "";
			targets = (
				C8FA6B9725A0877900C6B293 /* Discover */,
			);
		};
/* End PBXProject section */

/* Begin PBXResourcesBuildPhase section */
		C8FA6B9625A0877900C6B293 /* Resources */ = {
			isa = PBXResourcesBuildPhase;
			buildActionMask = 2147483647;
			files = (
				C8FA6BA325A0877E00C6B293 /* Preview Assets.xcassets in Resources */,
				C8FA6BA025A0877E00C6B293 /* Assets.xcassets in Resources */,
			);
			runOnlyForDeploymentPostprocessing = 0;
		};
/* End PBXResourcesBuildPhase section */

/* Begin PBXSourcesBuildPhase section */
		C8FA6B9425A0877900C6B293 /* Sources */ = {
			isa = PBXSourcesBuildPhase;
			buildActionMask = 2147483647;
			files = (
				C8FDC68225A412D2008CAD62 /* ActivityIndicatorView.swift in Sources */,
				C8FA6BB525A1630300C6B293 /* PopularRestaurantsView.swift in Sources */,
				C84E893C25A2EFA0001CD0C8 /* CategoryDetailsViewModel.swift in Sources */,
				C84E894025A2EFFB001CD0C8 /* CategoryDetailsView.swift in Sources */,
				C88B1B4F25A2E0740043AD9B /* Color+.swift in Sources */,
				C88B1B4B25A2DF540043AD9B /* TileModifier.swift in Sources */,
				C8B0951025A2BF2C00352FF4 /* Category.swift in Sources */,
				C8FA6B9E25A0877900C6B293 /* DiscoverView.swift in Sources */,
				C8FA6BBA25A2A2A900C6B293 /* TrendingCreatorsView.swift in Sources */,
				C8FDC68A25A41B1F008CAD62 /* Place.swift in Sources */,
				C8FA6B9C25A0877900C6B293 /* DiscoverApp.swift in Sources */,
				C8B0950A25A2BEF800352FF4 /* Restaurant.swift in Sources */,
				C88B1B5225A2E1130043AD9B /* View+.swift in Sources */,
				C8B0950D25A2BF1600352FF4 /* User.swift in Sources */,
				C8FA6BAE25A0F95C00C6B293 /* DiscoverCategoriesView.swift in Sources */,
				C8FA6BB125A0F9BD00C6B293 /* PopularDestinationsView.swift in Sources */,
				C8B0950625A2BED100352FF4 /* Destination.swift in Sources */,
			);
			runOnlyForDeploymentPostprocessing = 0;
		};
/* End PBXSourcesBuildPhase section */

/* Begin XCBuildConfiguration section */
		C8FA6BA525A0877E00C6B293 /* Debug */ = {
			isa = XCBuildConfiguration;
			buildSettings = {
				ALWAYS_SEARCH_USER_PATHS = NO;
				CLANG_ANALYZER_NONNULL = YES;
				CLANG_ANALYZER_NUMBER_OBJECT_CONVERSION = YES_AGGRESSIVE;
				CLANG_CXX_LANGUAGE_STANDARD = "gnu++14";
				CLANG_CXX_LIBRARY = "libc++";
				CLANG_ENABLE_MODULES = YES;
				CLANG_ENABLE_OBJC_ARC = YES;
				CLANG_ENABLE_OBJC_WEAK = YES;
				CLANG_WARN_BLOCK_CAPTURE_AUTORELEASING = YES;
				CLANG_WARN_BOOL_CONVERSION = YES;
				CLANG_WARN_COMMA = YES;
				CLANG_WARN_CONSTANT_CONVERSION = YES;
				CLANG_WARN_DEPRECATED_OBJC_IMPLEMENTATIONS = YES;
				CLANG_WARN_DIRECT_OBJC_ISA_USAGE = YES_ERROR;
				CLANG_WARN_DOCUMENTATION_COMMENTS = YES;
				CLANG_WARN_EMPTY_BODY = YES;
				CLANG_WARN_ENUM_CONVERSION = YES;
				CLANG_WARN_INFINITE_RECURSION = YES;
				CLANG_WARN_INT_CONVERSION = YES;
				CLANG_WARN_NON_LITERAL_NULL_CONVERSION = YES;
				CLANG_WARN_OBJC_IMPLICIT_RETAIN_SELF = YES;
				CLANG_WARN_OBJC_LITERAL_CONVERSION = YES;
				CLANG_WARN_OBJC_ROOT_CLASS = YES_ERROR;
				CLANG_WARN_QUOTED_INCLUDE_IN_FRAMEWORK_HEADER = YES;
				CLANG_WARN_RANGE_LOOP_ANALYSIS = YES;
				CLANG_WARN_STRICT_PROTOTYPES = YES;
				CLANG_WARN_SUSPICIOUS_MOVE = YES;
				CLANG_WARN_UNGUARDED_AVAILABILITY = YES_AGGRESSIVE;
				CLANG_WARN_UNREACHABLE_CODE = YES;
				CLANG_WARN__DUPLICATE_METHOD_MATCH = YES;
				COPY_PHASE_STRIP = NO;
				DEBUG_INFORMATION_FORMAT = dwarf;
				ENABLE_STRICT_OBJC_MSGSEND = YES;
				ENABLE_TESTABILITY = YES;
				GCC_C_LANGUAGE_STANDARD = gnu11;
				GCC_DYNAMIC_NO_PIC = NO;
				GCC_NO_COMMON_BLOCKS = YES;
				GCC_OPTIMIZATION_LEVEL = 0;
				GCC_PREPROCESSOR_DEFINITIONS = (
					"DEBUG=1",
					"$(inherited)",
				);
				GCC_WARN_64_TO_32_BIT_CONVERSION = YES;
				GCC_WARN_ABOUT_RETURN_TYPE = YES_ERROR;
				GCC_WARN_UNDECLARED_SELECTOR = YES;
				GCC_WARN_UNINITIALIZED_AUTOS = YES_AGGRESSIVE;
				GCC_WARN_UNUSED_FUNCTION = YES;
				GCC_WARN_UNUSED_VARIABLE = YES;
				IPHONEOS_DEPLOYMENT_TARGET = 14.2;
				MTL_ENABLE_DEBUG_INFO = INCLUDE_SOURCE;
				MTL_FAST_MATH = YES;
				ONLY_ACTIVE_ARCH = YES;
				SDKROOT = iphoneos;
				SWIFT_ACTIVE_COMPILATION_CONDITIONS = DEBUG;
				SWIFT_OPTIMIZATION_LEVEL = "-Onone";
			};
			name = Debug;
		};
		C8FA6BA625A0877E00C6B293 /* Release */ = {
			isa = XCBuildConfiguration;
			buildSettings = {
				ALWAYS_SEARCH_USER_PATHS = NO;
				CLANG_ANALYZER_NONNULL = YES;
				CLANG_ANALYZER_NUMBER_OBJECT_CONVERSION = YES_AGGRESSIVE;
				CLANG_CXX_LANGUAGE_STANDARD = "gnu++14";
				CLANG_CXX_LIBRARY = "libc++";
				CLANG_ENABLE_MODULES = YES;
				CLANG_ENABLE_OBJC_ARC = YES;
				CLANG_ENABLE_OBJC_WEAK = YES;
				CLANG_WARN_BLOCK_CAPTURE_AUTORELEASING = YES;
				CLANG_WARN_BOOL_CONVERSION = YES;
				CLANG_WARN_COMMA = YES;
				CLANG_WARN_CONSTANT_CONVERSION = YES;
				CLANG_WARN_DEPRECATED_OBJC_IMPLEMENTATIONS = YES;
				CLANG_WARN_DIRECT_OBJC_ISA_USAGE = YES_ERROR;
				CLANG_WARN_DOCUMENTATION_COMMENTS = YES;
				CLANG_WARN_EMPTY_BODY = YES;
				CLANG_WARN_ENUM_CONVERSION = YES;
				CLANG_WARN_INFINITE_RECURSION = YES;
				CLANG_WARN_INT_CONVERSION = YES;
				CLANG_WARN_NON_LITERAL_NULL_CONVERSION = YES;
				CLANG_WARN_OBJC_IMPLICIT_RETAIN_SELF = YES;
				CLANG_WARN_OBJC_LITERAL_CONVERSION = YES;
				CLANG_WARN_OBJC_ROOT_CLASS = YES_ERROR;
				CLANG_WARN_QUOTED_INCLUDE_IN_FRAMEWORK_HEADER = YES;
				CLANG_WARN_RANGE_LOOP_ANALYSIS = YES;
				CLANG_WARN_STRICT_PROTOTYPES = YES;
				CLANG_WARN_SUSPICIOUS_MOVE = YES;
				CLANG_WARN_UNGUARDED_AVAILABILITY = YES_AGGRESSIVE;
				CLANG_WARN_UNREACHABLE_CODE = YES;
				CLANG_WARN__DUPLICATE_METHOD_MATCH = YES;
				COPY_PHASE_STRIP = NO;
				DEBUG_INFORMATION_FORMAT = "dwarf-with-dsym";
				ENABLE_NS_ASSERTIONS = NO;
				ENABLE_STRICT_OBJC_MSGSEND = YES;
				GCC_C_LANGUAGE_STANDARD = gnu11;
				GCC_NO_COMMON_BLOCKS = YES;
				GCC_WARN_64_TO_32_BIT_CONVERSION = YES;
				GCC_WARN_ABOUT_RETURN_TYPE = YES_ERROR;
				GCC_WARN_UNDECLARED_SELECTOR = YES;
				GCC_WARN_UNINITIALIZED_AUTOS = YES_AGGRESSIVE;
				GCC_WARN_UNUSED_FUNCTION = YES;
				GCC_WARN_UNUSED_VARIABLE = YES;
				IPHONEOS_DEPLOYMENT_TARGET = 14.2;
				MTL_ENABLE_DEBUG_INFO = NO;
				MTL_FAST_MATH = YES;
				SDKROOT = iphoneos;
				SWIFT_COMPILATION_MODE = wholemodule;
				SWIFT_OPTIMIZATION_LEVEL = "-O";
				VALIDATE_PRODUCT = YES;
			};
			name = Release;
		};
		C8FA6BA825A0877E00C6B293 /* Debug */ = {
			isa = XCBuildConfiguration;
			buildSettings = {
				ASSETCATALOG_COMPILER_APPICON_NAME = AppIcon;
				ASSETCATALOG_COMPILER_GLOBAL_ACCENT_COLOR_NAME = AccentColor;
				CODE_SIGN_STYLE = Automatic;
				DEVELOPMENT_ASSET_PATHS = "\"Discover/Preview Content\"";
				DEVELOPMENT_TEAM = P244M8PUET;
				ENABLE_PREVIEWS = YES;
				INFOPLIST_FILE = Discover/Info.plist;
				IPHONEOS_DEPLOYMENT_TARGET = 14.0;
				LD_RUNPATH_SEARCH_PATHS = (
					"$(inherited)",
					"@executable_path/Frameworks",
				);
				PRODUCT_BUNDLE_IDENTIFIER = "com.julio-hernandez-duran.Discover";
				PRODUCT_NAME = "$(TARGET_NAME)";
				SWIFT_VERSION = 5.0;
				TARGETED_DEVICE_FAMILY = 1;
			};
			name = Debug;
		};
		C8FA6BA925A0877E00C6B293 /* Release */ = {
			isa = XCBuildConfiguration;
			buildSettings = {
				ASSETCATALOG_COMPILER_APPICON_NAME = AppIcon;
				ASSETCATALOG_COMPILER_GLOBAL_ACCENT_COLOR_NAME = AccentColor;
				CODE_SIGN_STYLE = Automatic;
				DEVELOPMENT_ASSET_PATHS = "\"Discover/Preview Content\"";
				DEVELOPMENT_TEAM = P244M8PUET;
				ENABLE_PREVIEWS = YES;
				INFOPLIST_FILE = Discover/Info.plist;
				IPHONEOS_DEPLOYMENT_TARGET = 14.0;
				LD_RUNPATH_SEARCH_PATHS = (
					"$(inherited)",
					"@executable_path/Frameworks",
				);
				PRODUCT_BUNDLE_IDENTIFIER = "com.julio-hernandez-duran.Discover";
				PRODUCT_NAME = "$(TARGET_NAME)";
				SWIFT_VERSION = 5.0;
				TARGETED_DEVICE_FAMILY = 1;
			};
			name = Release;
		};
/* End XCBuildConfiguration section */

/* Begin XCConfigurationList section */
		C8FA6B9325A0877900C6B293 /* Build configuration list for PBXProject "Discover" */ = {
			isa = XCConfigurationList;
			buildConfigurations = (
				C8FA6BA525A0877E00C6B293 /* Debug */,
				C8FA6BA625A0877E00C6B293 /* Release */,
			);
			defaultConfigurationIsVisible = 0;
			defaultConfigurationName = Release;
		};
		C8FA6BA725A0877E00C6B293 /* Build configuration list for PBXNativeTarget "Discover" */ = {
			isa = XCConfigurationList;
			buildConfigurations = (
				C8FA6BA825A0877E00C6B293 /* Debug */,
				C8FA6BA925A0877E00C6B293 /* Release */,
			);
			defaultConfigurationIsVisible = 0;
			defaultConfigurationName = Release;
		};
/* End XCConfigurationList section */

/* Begin XCRemoteSwiftPackageReference section */
		C8FDC68E25A4565B008CAD62 /* XCRemoteSwiftPackageReference "Kingfisher" */ = {
			isa = XCRemoteSwiftPackageReference;
			repositoryURL = "https://github.com/onevcat/Kingfisher";
			requirement = {
				kind = upToNextMajorVersion;
				minimumVersion = 6.0.0;
			};
		};
/* End XCRemoteSwiftPackageReference section */

/* Begin XCSwiftPackageProductDependency section */
		C8FDC68F25A4565B008CAD62 /* Kingfisher */ = {
			isa = XCSwiftPackageProductDependency;
			package = C8FDC68E25A4565B008CAD62 /* XCRemoteSwiftPackageReference "Kingfisher" */;
			productName = Kingfisher;
		};
/* End XCSwiftPackageProductDependency section */
	};
	rootObject = C8FA6B9025A0877900C6B293 /* Project object */;
}
